
Microsoft Visual Studio Solution File, Format Version 12.00
# Visual Studio Version 17
VisualStudioVersion = 17.13.35828.75 d17.13
MinimumVisualStudioVersion = 10.0.40219.1
Project("{FAE04EC0-301F-11D3-BF4B-00C04F79EFBC}") = "SpreadSheetMapper", "SpreadSheetMapper\SpreadSheetMapper.csproj", "{32665F56-1B51-8E14-AE12-DC97BC142568}"
EndProject
Project("{FAE04EC0-301F-11D3-BF4B-00C04F79EFBC}") = "SpreadSheetMapper.Desktop", "SpreadSheetMapper.Desktop\SpreadSheetMapper.Desktop.csproj", "{1DF32552-AFAA-136D-CC4F-8988C8237E59}"
EndProject
Global
	GlobalSection(SolutionConfigurationPlatforms) = preSolution
		Debug|Any CPU = Debug|Any CPU
		Release|Any CPU = Release|Any CPU
	EndGlobalSection
	GlobalSection(ProjectConfigurationPlatforms) = postSolution
		{32665F56-1B51-8E14-AE12-DC97BC142568}.Debug|Any CPU.ActiveCfg = Debug|Any CPU
		{32665F56-1B51-8E14-AE12-DC97BC142568}.Debug|Any CPU.Build.0 = Debug|Any CPU
		{32665F56-1B51-8E14-AE12-DC97BC142568}.Release|Any CPU.ActiveCfg = Release|Any CPU
		{32665F56-1B51-8E14-AE12-DC97BC142568}.Release|Any CPU.Build.0 = Release|Any CPU
		{1DF32552-AFAA-136D-CC4F-8988C8237E59}.Debug|Any CPU.ActiveCfg = Debug|Any CPU
		{1DF32552-AFAA-136D-CC4F-8988C8237E59}.Debug|Any CPU.Build.0 = Debug|Any CPU
		{1DF32552-AFAA-136D-CC4F-8988C8237E59}.Release|Any CPU.ActiveCfg = Release|Any CPU
		{1DF32552-AFAA-136D-CC4F-8988C8237E59}.Release|Any CPU.Build.0 = Release|Any CPU
	EndGlobalSection
	GlobalSection(SolutionProperties) = preSolution
		HideSolutionNode = FALSE
	EndGlobalSection
	GlobalSection(ExtensibilityGlobals) = postSolution
		SolutionGuid = {6BAE843E-F03F-4AEB-898D-212EF2E7F46D}
	EndGlobalSection
EndGlobal
